
Microsoft Visual Studio Solution File, Format Version 12.00
# Visual Studio 14
VisualStudioVersion = 14.0.25420.1
MinimumVisualStudioVersion = 10.0.40219.1
Project("{FAE04EC0-301F-11D3-BF4B-00C04F79EFBC}") = "Test", "Test\Test.csproj", "{B11D5C2E-077B-4DFF-8466-5218D2298ECF}"
EndProject
Project("{8BC9CEB8-8B4A-11D0-8D11-00A0C91BC942}") = "MassiveCP", "MassiveCP\MassiveCP.vcxproj", "{C90ACA71-ECDE-40D8-9D64-F6D44C6AF861}"
EndProject
Project("{FAE04EC0-301F-11D3-BF4B-00C04F79EFBC}") = "MassiveCS", "MassiveCS\MassiveCS.csproj", "{06A89496-AA3D-4DD7-90DA-F7170AB32163}"
EndProject
Global
	GlobalSection(SolutionConfigurationPlatforms) = preSolution
		Debug|Any CPU = Debug|Any CPU
		Debug|x64 = Debug|x64
		Debug|x86 = Debug|x86
		Release|Any CPU = Release|Any CPU
		Release|x64 = Release|x64
		Release|x86 = Release|x86
	EndGlobalSection
	GlobalSection(ProjectConfigurationPlatforms) = postSolution
		{B11D5C2E-077B-4DFF-8466-5218D2298ECF}.Debug|Any CPU.ActiveCfg = Debug|Any CPU
		{B11D5C2E-077B-4DFF-8466-5218D2298ECF}.Debug|Any CPU.Build.0 = Debug|Any CPU
		{B11D5C2E-077B-4DFF-8466-5218D2298ECF}.Debug|x64.ActiveCfg = Debug|Any CPU
		{B11D5C2E-077B-4DFF-8466-5218D2298ECF}.Debug|x64.Build.0 = Debug|Any CPU
		{B11D5C2E-077B-4DFF-8466-5218D2298ECF}.Debug|x86.ActiveCfg = Debug|Any CPU
		{B11D5C2E-077B-4DFF-8466-5218D2298ECF}.Debug|x86.Build.0 = Debug|Any CPU
		{B11D5C2E-077B-4DFF-8466-5218D2298ECF}.Release|Any CPU.ActiveCfg = Release|Any CPU
		{B11D5C2E-077B-4DFF-8466-5218D2298ECF}.Release|Any CPU.Build.0 = Release|Any CPU
		{B11D5C2E-077B-4DFF-8466-5218D2298ECF}.Release|x64.ActiveCfg = Release|Any CPU
		{B11D5C2E-077B-4DFF-8466-5218D2298ECF}.Release|x64.Build.0 = Release|Any CPU
		{B11D5C2E-077B-4DFF-8466-5218D2298ECF}.Release|x86.ActiveCfg = Release|Any CPU
		{B11D5C2E-077B-4DFF-8466-5218D2298ECF}.Release|x86.Build.0 = Release|Any CPU
		{C90ACA71-ECDE-40D8-9D64-F6D44C6AF861}.Debug|Any CPU.ActiveCfg = Debug|x64
		{C90ACA71-ECDE-40D8-9D64-F6D44C6AF861}.Debug|Any CPU.Build.0 = Debug|x64
		{C90ACA71-ECDE-40D8-9D64-F6D44C6AF861}.Debug|x64.ActiveCfg = Debug|x64
		{C90ACA71-ECDE-40D8-9D64-F6D44C6AF861}.Debug|x64.Build.0 = Debug|x64
		{C90ACA71-ECDE-40D8-9D64-F6D44C6AF861}.Debug|x86.ActiveCfg = Debug|Win32
		{C90ACA71-ECDE-40D8-9D64-F6D44C6AF861}.Debug|x86.Build.0 = Debug|Win32
		{C90ACA71-ECDE-40D8-9D64-F6D44C6AF861}.Release|Any CPU.ActiveCfg = Release|Win32
		{C90ACA71-ECDE-40D8-9D64-F6D44C6AF861}.Release|x64.ActiveCfg = Release|x64
		{C90ACA71-ECDE-40D8-9D64-F6D44C6AF861}.Release|x64.Build.0 = Release|x64
		{C90ACA71-ECDE-40D8-9D64-F6D44C6AF861}.Release|x86.ActiveCfg = Release|Win32
		{C90ACA71-ECDE-40D8-9D64-F6D44C6AF861}.Release|x86.Build.0 = Release|Win32
		{06A89496-AA3D-4DD7-90DA-F7170AB32163}.Debug|Any CPU.ActiveCfg = Debug|Any CPU
		{06A89496-AA3D-4DD7-90DA-F7170AB32163}.Debug|Any CPU.Build.0 = Debug|Any CPU
		{06A89496-AA3D-4DD7-90DA-F7170AB32163}.Debug|x64.ActiveCfg = Debug|Any CPU
		{06A89496-AA3D-4DD7-90DA-F7170AB32163}.Debug|x64.Build.0 = Debug|Any CPU
		{06A89496-AA3D-4DD7-90DA-F7170AB32163}.Debug|x86.ActiveCfg = Debug|Any CPU
		{06A89496-AA3D-4DD7-90DA-F7170AB32163}.Debug|x86.Build.0 = Debug|Any CPU
		{06A89496-AA3D-4DD7-90DA-F7170AB32163}.Release|Any CPU.ActiveCfg = Release|Any CPU
		{06A89496-AA3D-4DD7-90DA-F7170AB32163}.Release|Any CPU.Build.0 = Release|Any CPU
		{06A89496-AA3D-4DD7-90DA-F7170AB32163}.Release|x64.ActiveCfg = Release|Any CPU
		{06A89496-AA3D-4DD7-90DA-F7170AB32163}.Release|x64.Build.0 = Release|Any CPU
		{06A89496-AA3D-4DD7-90DA-F7170AB32163}.Release|x86.ActiveCfg = Release|Any CPU
		{06A89496-AA3D-4DD7-90DA-F7170AB32163}.Release|x86.Build.0 = Release|Any CPU
	EndGlobalSection
	GlobalSection(SolutionProperties) = preSolution
		HideSolutionNode = FALSE
	EndGlobalSection
EndGlobal
